<?xml version="1.0" encoding="utf-8"?>
<Project ToolsVersion="4.0" xmlns="http://schemas.microsoft.com/developer/msbuild/2003">
  <ItemGroup>
    <Filter Include="Source Files">
      <UniqueIdentifier>{4FC737F1-C7A5-4376-A066-2A32D752A2FF}</UniqueIdentifier>
      <Extensions>cpp;c;cc;cxx;def;odl;idl;hpj;bat;asm;asmx</Extensions>
    </Filter>
    <Filter Include="Header Files">
      <UniqueIdentifier>{93995380-89BD-4b04-88EB-625FBE52EBFB}</UniqueIdentifier>
      <Extensions>h;hh;hpp;hxx;hm;inl;inc;xsd</Extensions>
    </Filter>
    <Filter Include="Resource Files">
      <UniqueIdentifier>{67DA6AB6-F800-4c08-8B7A-83BB121AAD01}</UniqueIdentifier>
      <Extensions>rc;ico;cur;bmp;dlg;rc2;rct;bin;rgs;gif;jpg;jpeg;jpe;resx;tiff;tif;png;wav</Extensions>
    </Filter>
  </ItemGroup>
  <ItemGroup>
    <ClCompile Include="src\aes.cpp">
      <Filter>Source Files</Filter>
    </ClCompile>
    <ClCompile Include="src\aes_omac.cpp">
      <Filter>Source Files</Filter>
    </ClCompile>
    <ClCompile Include="src\bn.cpp">
      <Filter>Source Files</Filter>
    </ClCompile>
    <ClCompile Include="src\ec.cpp">
      <Filter>Source Files</Filter>
    </ClCompile>
    <ClCompile Include="src\ecdsa.cpp">
      <Filter>Source Files</Filter>
    </ClCompile>
    <ClCompile Include="src\frontend.cpp">
      <Filter>Source Files</Filter>
    </ClCompile>
    <ClCompile Include="src\getopt.cpp">
      <Filter>Source Files</Filter>
    </ClCompile>
    <ClCompile Include="src\keys.cpp">
      <Filter>Source Files</Filter>
    </ClCompile>
    <ClCompile Include="src\list.cpp">
      <Filter>Source Files</Filter>
    </ClCompile>
    <ClCompile Include="src\main.cpp">
      <Filter>Source Files</Filter>
    </ClCompile>
    <ClCompile Include="src\mt19937.cpp">
      <Filter>Source Files</Filter>
    </ClCompile>
    <ClCompile Include="src\np.cpp">
      <Filter>Source Files</Filter>
    </ClCompile>
    <ClCompile Include="src\pkg.cpp">
      <Filter>Source Files</Filter>
    </ClCompile>
    <ClCompile Include="src\rvk.cpp">
      <Filter>Source Files</Filter>
    </ClCompile>
    <ClCompile Include="src\sce.cpp">
      <Filter>Source Files</Filter>
    </ClCompile>
    <ClCompile Include="src\self.cpp">
      <Filter>Source Files</Filter>
    </ClCompile>
    <ClCompile Include="src\sha1.cpp">
      <Filter>Source Files</Filter>
    </ClCompile>
    <ClCompile Include="src\spp.cpp">
      <Filter>Source Files</Filter>
    </ClCompile>
    <ClCompile Include="src\tables.cpp">
      <Filter>Source Files</Filter>
    </ClCompile>
    <ClCompile Include="src\util.cpp">
      <Filter>Source Files</Filter>
    </ClCompile>
  </ItemGroup>
  <ItemGroup>
    <ClInclude Include="src\aes.h">
      <Filter>Header Files</Filter>
    </ClInclude>
    <ClInclude Include="src\aes_omac.h">
      <Filter>Header Files</Filter>
    </ClInclude>
    <ClInclude Include="src\config.h">
      <Filter>Header Files</Filter>
    </ClInclude>
    <ClInclude Include="src\ecdsa.h">
      <Filter>Header Files</Filter>
    </ClInclude>
    <ClInclude Include="src\elf.h">
      <Filter>Header Files</Filter>
    </ClInclude>
    <ClInclude Include="src\elf_inlines.h">
      <Filter>Header Files</Filter>
    </ClInclude>
    <ClInclude Include="src\frontend.h">
      <Filter>Header Files</Filter>
    </ClInclude>
    <ClInclude Include="src\getopt.h">
      <Filter>Header Files</Filter>
    </ClInclude>
    <ClInclude Include="src\keys.h">
      <Filter>Header Files</Filter>
    </ClInclude>
    <ClInclude Include="src\list.h">
      <Filter>Header Files</Filter>
    </ClInclude>
    <ClInclude Include="src\mt19937.h">
      <Filter>Header Files</Filter>
    </ClInclude>
    <ClInclude Include="src\np.h">
      <Filter>Header Files</Filter>
    </ClInclude>
    <ClInclude Include="src\pkg.h">
      <Filter>Header Files</Filter>
    </ClInclude>
    <ClInclude Include="src\rvk.h">
      <Filter>Header Files</Filter>
    </ClInclude>
    <ClInclude Include="src\sce.h">
      <Filter>Header Files</Filter>
    </ClInclude>
    <ClInclude Include="src\sce_inlines.h">
      <Filter>Header Files</Filter>
    </ClInclude>
    <ClInclude Include="src\self.h">
      <Filter>Header Files</Filter>
    </ClInclude>
    <ClInclude Include="src\sha1.h">
      <Filter>Header Files</Filter>
    </ClInclude>
    <ClInclude Include="src\spp.h">
      <Filter>Header Files</Filter>
    </ClInclude>
    <ClInclude Include="src\tables.h">
      <Filter>Header Files</Filter>
    </ClInclude>
    <ClInclude Include="src\types.h">
      <Filter>Header Files</Filter>
    </ClInclude>
    <ClInclude Include="src\util.h">
      <Filter>Header Files</Filter>
    </ClInclude>
    <ClInclude Include="src\zconf.h">
      <Filter>Header Files</Filter>
    </ClInclude>
    <ClInclude Include="src\zlib.h">
      <Filter>Header Files</Filter>
    </ClInclude>
  </ItemGroup>
</Project>